{
  "nodes": {
    "csv-view": {
      "flake": false,
      "locked": {
        "lastModified": 1753102153,
        "narHash": "sha256-Z9Sn9FT2FT5ah1OAI0kzQUKWLFvyliLST0hCHzjdx6g=",
        "owner": "hat0uma",
        "repo": "csvview.nvim",
        "rev": "1057e6cb883881577f99c6fa3429620fc459ab5c",
        "type": "github"
      },
      "original": {
        "owner": "hat0uma",
        "repo": "csvview.nvim",
        "type": "github"
      }
    },
    "home-manager": {
      "inputs": {
        "nixpkgs": [
          "nixpkgs"
        ]
      },
      "locked": {
        "lastModified": 1753181343,
        "narHash": "sha256-CLQfNtUqirNVSYoW/kYbvL4PeeNasmZonaPnjO3+1YQ=",
        "owner": "nix-community",
        "repo": "home-manager",
        "rev": "0cdfcdbb525b77b951c889b6131047bc374f48fe",
        "type": "github"
      },
      "original": {
        "owner": "nix-community",
        "repo": "home-manager",
        "type": "github"
      }
    },
    "home-manager_2": {
      "inputs": {
        "nixpkgs": [
          "zen-browser",
          "nixpkgs"
        ]
      },
      "locked": {
        "lastModified": 1752603129,
        "narHash": "sha256-S+wmHhwNQ5Ru689L2Gu8n1OD6s9eU9n9mD827JNR+kw=",
        "owner": "nix-community",
        "repo": "home-manager",
        "rev": "e8c19a3cec2814c754f031ab3ae7316b64da085b",
        "type": "github"
      },
      "original": {
        "owner": "nix-community",
        "repo": "home-manager",
        "type": "github"
      }
    },
    "nixpkgs": {
      "locked": {
        "lastModified": 1752950548,
        "narHash": "sha256-NS6BLD0lxOrnCiEOcvQCDVPXafX1/ek1dfJHX1nUIzc=",
        "owner": "nixos",
        "repo": "nixpkgs",
        "rev": "c87b95e25065c028d31a94f06a62927d18763fdf",
        "type": "github"
      },
      "original": {
        "owner": "nixos",
        "ref": "nixos-unstable",
        "repo": "nixpkgs",
        "type": "github"
      }
    },
    "none-ls-extras": {
      "flake": false,
      "locked": {
        "lastModified": 1746362580,
        "narHash": "sha256-OJHg2+h3zvlK7LJ8kY6f7et0w6emnxfcDbjD1YyWRTw=",
        "owner": "nvimtools",
        "repo": "none-ls-extras.nvim",
        "rev": "924fe88a9983c7d90dbb31fc4e3129a583ea0a90",
        "type": "github"
      },
      "original": {
        "owner": "nvimtools",
        "repo": "none-ls-extras.nvim",
        "type": "github"
      }
    },
    "root": {
      "inputs": {
        "csv-view": "csv-view",
        "home-manager": "home-manager",
        "nixpkgs": "nixpkgs",
        "none-ls-extras": "none-ls-extras",
        "showkeys": "showkeys",
        "spicetify-nix": "spicetify-nix",
        "zen-browser": "zen-browser"
      }
    },
    "showkeys": {
      "flake": false,
      "locked": {
        "lastModified": 1748072946,
        "narHash": "sha256-mn/SBtk9YbYZRTJZ054IVsSVOlrry5gsHOXQEnd3b7M=",
        "owner": "nvzone",
        "repo": "showkeys",
        "rev": "cb0a50296f11f1e585acffba8c253b9e8afc1f84",
        "type": "github"
      },
      "original": {
        "owner": "nvzone",
        "repo": "showkeys",
        "type": "github"
      }
    },
    "spicetify-nix": {
      "inputs": {
        "nixpkgs": [
          "nixpkgs"
        ],
        "systems": "systems"
      },
      "locked": {
        "lastModified": 1752986956,
        "narHash": "sha256-1AK8+W7d5eNyGRkcWHa+9oIChLJbY6jt7ujSJo+ft4M=",
        "owner": "Gerg-L",
        "repo": "spicetify-nix",
        "rev": "51ac0aee7e7ee21ca0874b913f07f9004bc9311f",
        "type": "github"
      },
      "original": {
        "owner": "Gerg-L",
        "repo": "spicetify-nix",
        "type": "github"
      }
    },
    "systems": {
      "locked": {
        "lastModified": 1681028828,
        "narHash": "sha256-Vy1rq5AaRuLzOxct8nz4T6wlgyUR7zLU309k9mBC768=",
        "owner": "nix-systems",
        "repo": "default",
        "rev": "da67096a3b9bf56a91d16901293e51ba5b49a27e",
        "type": "github"
      },
      "original": {
        "owner": "nix-systems",
        "repo": "default",
        "type": "github"
      }
    },
    "zen-browser": {
      "inputs": {
        "home-manager": "home-manager_2",
        "nixpkgs": [
          "nixpkgs"
        ]
      },
      "locked": {
        "lastModified": 1753069499,
        "narHash": "sha256-YtgY0ueqKNrBma4Euu8WH23BhUkBujirJDMDE1KujnU=",
        "owner": "0xc000022070",
        "repo": "zen-browser-flake",
        "rev": "c64b94235ae24e3b9e01a08f0331d8bb0e5b037a",
        "type": "github"
      },
      "original": {
        "owner": "0xc000022070",
        "repo": "zen-browser-flake",
        "type": "github"
      }
    }
  },
  "root": "root",
  "version": 7
}
