{
  "nodes": {
    "csv-view": {
      "flake": false,
      "locked": {
        "lastModified": 1771043962,
        "narHash": "sha256-JHNMO+l0P1mIZ2ZMqmbyZPP4WeGWKJLrs+9H1XBhoyM=",
        "owner": "hat0uma",
        "repo": "csvview.nvim",
        "rev": "7022e18a0fbae9aecf99a3ba02b2a541edc2b8a1",
        "type": "github"
      },
      "original": {
        "owner": "hat0uma",
        "repo": "csvview.nvim",
        "type": "github"
      }
    },
    "google-sans": {
      "flake": false,
      "locked": {
        "lastModified": 1756213613,
        "narHash": "sha256-y5lMVJzFLhIOtph7JgYD69wH+Vd8f1JE2/Ln3EMKG38=",
        "owner": "hprobotic",
        "repo": "Google-Sans-Font",
        "rev": "42c6b3e1bb33c4a9831adb3406c3b7eef47d737b",
        "type": "github"
      },
      "original": {
        "owner": "hprobotic",
        "repo": "Google-Sans-Font",
        "type": "github"
      }
    },
    "home-manager": {
      "inputs": {
        "nixpkgs": [
          "nixpkgs"
        ]
      },
      "locked": {
        "lastModified": 1773681856,
        "narHash": "sha256-+bRqxoFCJFO9ZTFhcCkzNXbDT3b8AEk88fyjB7Is6eo=",
        "owner": "nix-community",
        "repo": "home-manager",
        "rev": "57d5560ee92a424fb71fde800acd6ed2c725dfce",
        "type": "github"
      },
      "original": {
        "owner": "nix-community",
        "repo": "home-manager",
        "type": "github"
      }
    },
    "home-manager_2": {
      "inputs": {
        "nixpkgs": [
          "zen-browser",
          "nixpkgs"
        ]
      },
      "locked": {
        "lastModified": 1773422513,
        "narHash": "sha256-MPjR48roW7CUMU6lu0+qQGqj92Kuh3paIulMWFZy+NQ=",
        "owner": "nix-community",
        "repo": "home-manager",
        "rev": "ef12a9a2b0f77c8fa3dda1e7e494fca668909056",
        "type": "github"
      },
      "original": {
        "owner": "nix-community",
        "repo": "home-manager",
        "type": "github"
      }
    },
    "nixpkgs": {
      "locked": {
        "lastModified": 1773646010,
        "narHash": "sha256-iYrs97hS7p5u4lQzuNWzuALGIOdkPXvjz7bviiBjUu8=",
        "owner": "nixos",
        "repo": "nixpkgs",
        "rev": "5b2c2d84341b2afb5647081c1386a80d7a8d8605",
        "type": "github"
      },
      "original": {
        "owner": "nixos",
        "ref": "nixos-unstable",
        "repo": "nixpkgs",
        "type": "github"
      }
    },
    "none-ls-extras": {
      "flake": false,
      "locked": {
        "lastModified": 1773163802,
        "narHash": "sha256-bylEFk0lJFqiGhTBsH4E/b90XhtMEuz9uODbZ0amGzQ=",
        "owner": "nvimtools",
        "repo": "none-ls-extras.nvim",
        "rev": "c6fa39ac52814182c05552cb5d3750cae23ff0f0",
        "type": "github"
      },
      "original": {
        "owner": "nvimtools",
        "repo": "none-ls-extras.nvim",
        "type": "github"
      }
    },
    "root": {
      "inputs": {
        "csv-view": "csv-view",
        "google-sans": "google-sans",
        "home-manager": "home-manager",
        "nixpkgs": "nixpkgs",
        "none-ls-extras": "none-ls-extras",
        "showkeys": "showkeys",
        "spicetify-nix": "spicetify-nix",
        "zen-browser": "zen-browser"
      }
    },
    "showkeys": {
      "flake": false,
      "locked": {
        "lastModified": 1748072946,
        "narHash": "sha256-mn/SBtk9YbYZRTJZ054IVsSVOlrry5gsHOXQEnd3b7M=",
        "owner": "nvzone",
        "repo": "showkeys",
        "rev": "cb0a50296f11f1e585acffba8c253b9e8afc1f84",
        "type": "github"
      },
      "original": {
        "owner": "nvzone",
        "repo": "showkeys",
        "type": "github"
      }
    },
    "spicetify-nix": {
      "inputs": {
        "nixpkgs": [
          "nixpkgs"
        ],
        "systems": "systems"
      },
      "locked": {
        "lastModified": 1773619901,
        "narHash": "sha256-Br8CQy4ht+a2OxyzaRwuP5+oIFfoRvCxYgsmdrgid40=",
        "owner": "Gerg-L",
        "repo": "spicetify-nix",
        "rev": "6f06ff05cd536b790b7662550a10b61a1ac4619e",
        "type": "github"
      },
      "original": {
        "owner": "Gerg-L",
        "repo": "spicetify-nix",
        "type": "github"
      }
    },
    "systems": {
      "locked": {
        "lastModified": 1681028828,
        "narHash": "sha256-Vy1rq5AaRuLzOxct8nz4T6wlgyUR7zLU309k9mBC768=",
        "owner": "nix-systems",
        "repo": "default",
        "rev": "da67096a3b9bf56a91d16901293e51ba5b49a27e",
        "type": "github"
      },
      "original": {
        "owner": "nix-systems",
        "repo": "default",
        "type": "github"
      }
    },
    "zen-browser": {
      "inputs": {
        "home-manager": "home-manager_2",
        "nixpkgs": [
          "nixpkgs"
        ]
      },
      "locked": {
        "lastModified": 1773737882,
        "narHash": "sha256-P6k0BtT1/idYveVRdcwAZk8By9UjZW8XOMhSoS6wTBY=",
        "owner": "0xc000022070",
        "repo": "zen-browser-flake",
        "rev": "a7f1db35d74faf04e5189b3a32f890186ace5c28",
        "type": "github"
      },
      "original": {
        "owner": "0xc000022070",
        "repo": "zen-browser-flake",
        "type": "github"
      }
    }
  },
  "root": "root",
  "version": 7
}
