{
  "nodes": {
    "csv-view": {
      "flake": false,
      "locked": {
        "lastModified": 1771043962,
        "narHash": "sha256-JHNMO+l0P1mIZ2ZMqmbyZPP4WeGWKJLrs+9H1XBhoyM=",
        "owner": "hat0uma",
        "repo": "csvview.nvim",
        "rev": "7022e18a0fbae9aecf99a3ba02b2a541edc2b8a1",
        "type": "github"
      },
      "original": {
        "owner": "hat0uma",
        "repo": "csvview.nvim",
        "type": "github"
      }
    },
    "google-sans": {
      "flake": false,
      "locked": {
        "lastModified": 1756213613,
        "narHash": "sha256-y5lMVJzFLhIOtph7JgYD69wH+Vd8f1JE2/Ln3EMKG38=",
        "owner": "hprobotic",
        "repo": "Google-Sans-Font",
        "rev": "42c6b3e1bb33c4a9831adb3406c3b7eef47d737b",
        "type": "github"
      },
      "original": {
        "owner": "hprobotic",
        "repo": "Google-Sans-Font",
        "type": "github"
      }
    },
    "home-manager": {
      "inputs": {
        "nixpkgs": [
          "nixpkgs"
        ]
      },
      "locked": {
        "lastModified": 1775268934,
        "narHash": "sha256-Sa5tW5kYPJornQEkFVD43F/0d4/WP+/GLTNktTFe2qU=",
        "owner": "nix-community",
        "repo": "home-manager",
        "rev": "9dc93220c1c9a410ef6277d6dc55c571d9e592d0",
        "type": "github"
      },
      "original": {
        "owner": "nix-community",
        "repo": "home-manager",
        "type": "github"
      }
    },
    "home-manager_2": {
      "inputs": {
        "nixpkgs": [
          "zen-browser",
          "nixpkgs"
        ]
      },
      "locked": {
        "lastModified": 1774991950,
        "narHash": "sha256-kScKj3qJDIWuN9/6PMmgy5esrTUkYinrO5VvILik/zw=",
        "owner": "nix-community",
        "repo": "home-manager",
        "rev": "f2d3e04e278422c7379e067e323734f3e8c585a7",
        "type": "github"
      },
      "original": {
        "owner": "nix-community",
        "repo": "home-manager",
        "type": "github"
      }
    },
    "nixpkgs": {
      "locked": {
        "lastModified": 1775036866,
        "narHash": "sha256-ZojAnPuCdy657PbTq5V0Y+AHKhZAIwSIT2cb8UgAz/U=",
        "owner": "nixos",
        "repo": "nixpkgs",
        "rev": "6201e203d09599479a3b3450ed24fa81537ebc4e",
        "type": "github"
      },
      "original": {
        "owner": "nixos",
        "ref": "nixos-unstable",
        "repo": "nixpkgs",
        "type": "github"
      }
    },
    "none-ls-extras": {
      "flake": false,
      "locked": {
        "lastModified": 1773163802,
        "narHash": "sha256-bylEFk0lJFqiGhTBsH4E/b90XhtMEuz9uODbZ0amGzQ=",
        "owner": "nvimtools",
        "repo": "none-ls-extras.nvim",
        "rev": "c6fa39ac52814182c05552cb5d3750cae23ff0f0",
        "type": "github"
      },
      "original": {
        "owner": "nvimtools",
        "repo": "none-ls-extras.nvim",
        "type": "github"
      }
    },
    "quickshell": {
      "inputs": {
        "nixpkgs": [
          "nixpkgs"
        ]
      },
      "locked": {
        "lastModified": 1775293582,
        "narHash": "sha256-Ay3gu/FsbKkubA/76xgqYhdNZwUsgo1tPdBLsFwgt94=",
        "ref": "refs/heads/master",
        "rev": "854088c48c4020f35019851137197b1112a9b9ee",
        "revCount": 790,
        "type": "git",
        "url": "https://git.outfoxxed.me/outfoxxed/quickshell"
      },
      "original": {
        "type": "git",
        "url": "https://git.outfoxxed.me/outfoxxed/quickshell"
      }
    },
    "root": {
      "inputs": {
        "csv-view": "csv-view",
        "google-sans": "google-sans",
        "home-manager": "home-manager",
        "nixpkgs": "nixpkgs",
        "none-ls-extras": "none-ls-extras",
        "quickshell": "quickshell",
        "showkeys": "showkeys",
        "spicetify-nix": "spicetify-nix",
        "zen-browser": "zen-browser"
      }
    },
    "showkeys": {
      "flake": false,
      "locked": {
        "lastModified": 1748072946,
        "narHash": "sha256-mn/SBtk9YbYZRTJZ054IVsSVOlrry5gsHOXQEnd3b7M=",
        "owner": "nvzone",
        "repo": "showkeys",
        "rev": "cb0a50296f11f1e585acffba8c253b9e8afc1f84",
        "type": "github"
      },
      "original": {
        "owner": "nvzone",
        "repo": "showkeys",
        "type": "github"
      }
    },
    "spicetify-nix": {
      "inputs": {
        "nixpkgs": [
          "nixpkgs"
        ],
        "systems": "systems"
      },
      "locked": {
        "lastModified": 1774790928,
        "narHash": "sha256-/JO77td8AOH45kg9IJl2DXDwbhn+cyQxYbCMu4Ae1CA=",
        "owner": "Gerg-L",
        "repo": "spicetify-nix",
        "rev": "2bfdf55faf76fed12950b17d4af501e5a463607f",
        "type": "github"
      },
      "original": {
        "owner": "Gerg-L",
        "repo": "spicetify-nix",
        "type": "github"
      }
    },
    "systems": {
      "locked": {
        "lastModified": 1681028828,
        "narHash": "sha256-Vy1rq5AaRuLzOxct8nz4T6wlgyUR7zLU309k9mBC768=",
        "owner": "nix-systems",
        "repo": "default",
        "rev": "da67096a3b9bf56a91d16901293e51ba5b49a27e",
        "type": "github"
      },
      "original": {
        "owner": "nix-systems",
        "repo": "default",
        "type": "github"
      }
    },
    "zen-browser": {
      "inputs": {
        "home-manager": "home-manager_2",
        "nixpkgs": [
          "nixpkgs"
        ]
      },
      "locked": {
        "lastModified": 1775278263,
        "narHash": "sha256-BgkUmlOuFaaZQCnlhXkQ3/Fng65aq00tJQkpoeTn7Mw=",
        "owner": "0xc000022070",
        "repo": "zen-browser-flake",
        "rev": "bb051d7a0f04356d42528bbb65dc014adf2dab66",
        "type": "github"
      },
      "original": {
        "owner": "0xc000022070",
        "repo": "zen-browser-flake",
        "type": "github"
      }
    }
  },
  "root": "root",
  "version": 7
}
